[[package]]
name = "aiohttp"
version = "3.8.3"
description = "Async http client/server framework (asyncio)"
category = "main"
optional = false
python-versions = ">=3.6"

[package.dependencies]
aiosignal = ">=1.1.2"
async-timeout = ">=4.0.0a3,<5.0"
attrs = ">=17.3.0"
charset-normalizer = ">=2.0,<3.0"
frozenlist = ">=1.1.1"
multidict = ">=4.5,<7.0"
yarl = ">=1.0,<2.0"

[package.extras]
speedups = ["aiodns", "brotli", "cchardet"]

[[package]]
name = "aiomysql"
version = "0.1.1"
description = "MySQL driver for asyncio."
category = "main"
optional = false
python-versions = ">=3.7"

[package.dependencies]
PyMySQL = ">=1.0"

[package.extras]
sa = ["sqlalchemy (>=1.0,<1.4)"]
rsa = ["PyMySQL[rsa] (>=1.0)"]

[[package]]
name = "aiosignal"
version = "1.2.0"
description = "aiosignal: a list of registered asynchronous callbacks"
category = "main"
optional = false
python-versions = ">=3.6"

[package.dependencies]
frozenlist = ">=1.1.0"

[[package]]
name = "aiosqlite"
version = "0.17.0"
description = "asyncio bridge to the standard sqlite3 module"
category = "main"
optional = false
python-versions = ">=3.6"

[package.dependencies]
typing_extensions = ">=3.7.2"

[[package]]
name = "anyio"
version = "3.6.1"
description = "High level compatibility layer for multiple asynchronous event loop implementations"
category = "main"
optional = false
python-versions = ">=3.6.2"

[package.dependencies]
idna = ">=2.8"
sniffio = ">=1.1"

[package.extras]
doc = ["packaging", "sphinx-rtd-theme", "sphinx-autodoc-typehints (>=1.2.0)"]
test = ["coverage[toml] (>=4.5)", "hypothesis (>=4.0)", "pytest (>=7.0)", "pytest-mock (>=3.6.1)", "trustme", "contextlib2", "uvloop (<0.15)", "mock (>=4)", "uvloop (>=0.15)"]
trio = ["trio (>=0.16)"]

[[package]]
name = "async-timeout"
version = "4.0.2"
description = "Timeout context manager for asyncio programs"
category = "main"
optional = false
python-versions = ">=3.6"

[[package]]
name = "attrs"
version = "22.1.0"
description = "Classes Without Boilerplate"
category = "main"
optional = false
python-versions = ">=3.5"

[package.extras]
dev = ["coverage[toml] (>=5.0.2)", "hypothesis", "pympler", "pytest (>=4.3.0)", "mypy (>=0.900,!=0.940)", "pytest-mypy-plugins", "zope.interface", "furo", "sphinx", "sphinx-notfound-page", "pre-commit", "cloudpickle"]
docs = ["furo", "sphinx", "zope.interface", "sphinx-notfound-page"]
tests = ["coverage[toml] (>=5.0.2)", "hypothesis", "pympler", "pytest (>=4.3.0)", "mypy (>=0.900,!=0.940)", "pytest-mypy-plugins", "zope.interface", "cloudpickle"]
tests_no_zope = ["coverage[toml] (>=5.0.2)", "hypothesis", "pympler", "pytest (>=4.3.0)", "mypy (>=0.900,!=0.940)", "pytest-mypy-plugins", "cloudpickle"]

[[package]]
name = "black"
version = "22.10.0"
description = "The uncompromising code formatter."
category = "dev"
optional = false
python-versions = ">=3.7"

[package.dependencies]
click = ">=8.0.0"
mypy-extensions = ">=0.4.3"
pathspec = ">=0.9.0"
platformdirs = ">=2"
tomli = {version = ">=1.1.0", markers = "python_full_version < \"3.11.0a7\""}

[package.extras]
colorama = ["colorama (>=0.4.3)"]
d = ["aiohttp (>=3.7.4)"]
jupyter = ["ipython (>=7.8.0)", "tokenize-rt (>=3.2.0)"]
uvloop = ["uvloop (>=0.15.2)"]

[[package]]
name = "cfgv"
version = "3.3.1"
description = "Validate configuration and produce human readable error messages."
category = "dev"
optional = false
python-versions = ">=3.6.1"

[[package]]
name = "charset-normalizer"
version = "2.1.1"
description = "The Real First Universal Charset Detector. Open, modern and actively maintained alternative to Chardet."
category = "main"
optional = false
python-versions = ">=3.6.0"

[package.extras]
unicode_backport = ["unicodedata2"]

[[package]]
name = "click"
version = "8.1.3"
description = "Composable command line interface toolkit"
category = "main"
optional = false
python-versions = ">=3.7"

[package.dependencies]
colorama = {version = "*", markers = "platform_system == \"Windows\""}

[[package]]
name = "colorama"
version = "0.4.5"
description = "Cross-platform colored terminal text."
category = "main"
optional = false
python-versions = ">=2.7, !=3.0.*, !=3.1.*, !=3.2.*, !=3.3.*, !=3.4.*"

[[package]]
name = "creart"
version = "0.2.2"
description = "a universal, extensible class instantiation helper"
category = "main"
optional = false
python-versions = ">=3.8"

[package.dependencies]
importlib-metadata = ">=3.6"

[[package]]
name = "creart-graia"
version = "0.1.5"
description = ""
category = "main"
optional = false
python-versions = ">=3.8"

[package.dependencies]
creart = ">=0.1.0"

[[package]]
name = "croniter"
version = "1.3.7"
description = "croniter provides iteration for datetime object with cron like format"
category = "main"
optional = false
python-versions = ">=2.6, !=3.0.*, !=3.1.*, !=3.2.*, !=3.3.*"

[package.dependencies]
python-dateutil = "*"

[[package]]
name = "dacite"
version = "1.6.0"
description = "Simple creation of data classes from dictionaries."
category = "main"
optional = false
python-versions = ">=3.6"

[package.extras]
dev = ["pylint", "mypy", "black", "coveralls", "pytest-cov", "pytest (>=5)"]

[[package]]
name = "distlib"
version = "0.3.6"
description = "Distribution utilities"
category = "dev"
optional = false
python-versions = "*"

[[package]]
name = "fastapi"
version = "0.85.1"
description = "FastAPI framework, high performance, easy to learn, fast to code, ready for production"
category = "main"
optional = false
python-versions = ">=3.7"

[package.dependencies]
pydantic = ">=1.6.2,<1.7 || >1.7,<1.7.1 || >1.7.1,<1.7.2 || >1.7.2,<1.7.3 || >1.7.3,<1.8 || >1.8,<1.8.1 || >1.8.1,<2.0.0"
starlette = "0.20.4"

[package.extras]
all = ["email-validator (>=1.1.1,<2.0.0)", "itsdangerous (>=1.1.0,<3.0.0)", "jinja2 (>=2.11.2,<4.0.0)", "orjson (>=3.2.1,<4.0.0)", "python-multipart (>=0.0.5,<0.0.6)", "pyyaml (>=5.3.1,<7.0.0)", "requests (>=2.24.0,<3.0.0)", "ujson (>=4.0.1,!=4.0.2,!=4.1.0,!=4.2.0,!=4.3.0,!=5.0.0,!=5.1.0,<6.0.0)", "uvicorn[standard] (>=0.12.0,<0.19.0)"]
dev = ["autoflake (>=1.4.0,<2.0.0)", "flake8 (>=3.8.3,<6.0.0)", "pre-commit (>=2.17.0,<3.0.0)", "uvicorn[standard] (>=0.12.0,<0.19.0)"]
doc = ["mdx-include (>=1.4.1,<2.0.0)", "mkdocs-markdownextradata-plugin (>=0.1.7,<0.3.0)", "mkdocs-material (>=8.1.4,<9.0.0)", "mkdocs (>=1.1.2,<2.0.0)", "pyyaml (>=5.3.1,<7.0.0)", "typer (>=0.4.1,<0.7.0)"]
test = ["anyio[trio] (>=3.2.1,<4.0.0)", "black (==22.8.0)", "databases[sqlite] (>=0.3.2,<0.7.0)", "email-validator (>=1.1.1,<2.0.0)", "flake8 (>=3.8.3,<6.0.0)", "flask (>=1.1.2,<3.0.0)", "httpx (>=0.23.0,<0.24.0)", "isort (>=5.0.6,<6.0.0)", "mypy (==0.971)", "orjson (>=3.2.1,<4.0.0)", "passlib[bcrypt] (>=1.7.2,<2.0.0)", "peewee (>=3.13.3,<4.0.0)", "pytest-cov (>=2.12.0,<4.0.0)", "pytest (>=7.1.3,<8.0.0)", "python-jose[cryptography] (>=3.3.0,<4.0.0)", "python-multipart (>=0.0.5,<0.0.6)", "pyyaml (>=5.3.1,<7.0.0)", "requests (>=2.24.0,<3.0.0)", "sqlalchemy (>=1.3.18,<1.5.0)", "types-orjson (==3.6.2)", "types-ujson (==5.4.0)", "ujson (>=4.0.1,!=4.0.2,!=4.1.0,!=4.2.0,!=4.3.0,!=5.0.0,!=5.1.0,<6.0.0)"]

[[package]]
name = "filelock"
version = "3.8.0"
description = "A platform independent file lock."
category = "dev"
optional = false
python-versions = ">=3.7"

[package.extras]
docs = ["furo (>=2022.6.21)", "sphinx (>=5.1.1)", "sphinx-autodoc-typehints (>=1.19.1)"]
testing = ["covdefaults (>=2.2)", "coverage (>=6.4.2)", "pytest (>=7.1.2)", "pytest-cov (>=3)", "pytest-timeout (>=2.1)"]

[[package]]
name = "frozenlist"
version = "1.3.1"
description = "A list-like structure which implements collections.abc.MutableSequence"
category = "main"
optional = false
python-versions = ">=3.7"

[[package]]
name = "gitdb"
version = "4.0.9"
description = "Git Object Database"
category = "main"
optional = false
python-versions = ">=3.6"

[package.dependencies]
smmap = ">=3.0.1,<6"

[[package]]
name = "gitpython"
version = "3.1.29"
description = "GitPython is a python library used to interact with Git repositories"
category = "main"
optional = false
python-versions = ">=3.7"

[package.dependencies]
gitdb = ">=4.0.1,<5"

[[package]]
name = "graia-amnesia"
version = "0.6.0"
description = "a collection of shared components for graia"
category = "main"
optional = false
python-versions = ">=3.8,<4.0"

[package.dependencies]
launart = ">=0.6.0,<1.0.0"
loguru = ">=0.6.0,<1.0.0"
statv = ">=0.2.2"
typing-extensions = ">=4.0.0"
yarl = ">=1.7.2,<2.0.0"

[package.extras]
uvicorn = ["uvicorn (>=0.17.6,<1.0.0)"]
ujson = ["ujson (>=5.2.0,<6.0.0)"]
starlette = ["starlette (>=0.19.0,<1.0.0)"]
orjson = ["orjson (>=3.6.7,<4.0.0)"]
colorful = ["richuru (>=0.1.0,<1.0.0)"]
aiohttp = ["aiohttp (>=3.8.1,<4.0.0)"]

[[package]]
name = "graia-ariadne"
version = "0.9.8"
description = "Another elegant Python QQ Bot framework for mirai and mirai-api-http v2."
category = "main"
optional = false
python-versions = ">=3.8,<4.0"

[package.dependencies]
aiohttp = ">=3.8,<4.0"
creart-graia = ">=0.1.5,<1.0.0"
graia-amnesia = ">=0.6.0,<0.7.0"
graia-broadcast = ">=0.19,<1.0"
launart = ">=0.6,<1.0"
pydantic = ">=1.9,<2.0"
typing-extensions = ">=4.3,<5.0"

[package.extras]
fastapi = ["fastapi (>=0.74.1,<1.0.0)", "uvicorn[standard] (>=0.17.5,<1.0.0)"]
full = ["richuru (>=0.1,<1.0)", "graia-scheduler (>=0.0,<1.0)", "graia-saya (>=0.0,<1.0)"]
graia = ["graia-scheduler (>=0.0,<1.0)", "graia-saya (>=0.0,<1.0)"]
standard = ["richuru (>=0.1,<1.0)", "graia-scheduler (>=0.0,<1.0)", "graia-saya (>=0.0,<1.0)"]

[[package]]
name = "graia-broadcast"
version = "0.19.0"
description = "a highly customizable, elegantly designed event system based on asyncio"
category = "main"
optional = false
python-versions = ">=3.7,<4.0"

[[package]]
name = "graia-saya"
version = "0.0.16"
description = ""
category = "main"
optional = false
python-versions = ">=3.7,<4.0"

[package.dependencies]
graia-broadcast = ">=0.12.1"
loguru = ">=0.5.3,<0.7"

[[package]]
name = "graia-scheduler"
version = "0.0.8"
description = "a scheduler for graia framework"
category = "main"
optional = false
python-versions = ">=3.7,<4.0"

[package.dependencies]
croniter = ">=1.0.0,<2.0.0"
graia-broadcast = ">=0.12.1"

[[package]]
name = "graiax-fastapi"
version = "0.2.0"
description = "FastAPI for GraiaCommunity."
category = "main"
optional = false
python-versions = ">=3.8"

[package.dependencies]
fastapi = ">=0.70.0"
graia-amnesia = ">=0.6.0"
graia-saya = ">=0.0.16"
typing-extensions = ">=4.0.0"

[[package]]
name = "graiax-playwright"
version = "0.2.0.post1"
description = "适用于 Graia 的 Playwright 管理器"
category = "main"
optional = false
python-versions = ">=3.8"

[package.dependencies]
launart = ">=0.6.1,<0.7.0"
loguru = ">=0.6.0,<1.0.0"
playwright = ">=1.25.2,<2.0.0"
typing-extensions = ">=4.3.0"

[[package]]
name = "greenlet"
version = "1.1.3"
description = "Lightweight in-process concurrent programming"
category = "main"
optional = false
python-versions = ">=2.7,!=3.0.*,!=3.1.*,!=3.2.*,!=3.3.*,!=3.4.*"

[package.extras]
docs = ["sphinx"]

[[package]]
name = "h11"
version = "0.14.0"
description = "A pure-Python, bring-your-own-I/O implementation of HTTP/1.1"
category = "main"
optional = false
python-versions = ">=3.7"

[[package]]
name = "identify"
version = "2.5.6"
description = "File identification library for Python"
category = "dev"
optional = false
python-versions = ">=3.7"

[package.extras]
license = ["ukkonen"]

[[package]]
name = "idna"
version = "3.4"
description = "Internationalized Domain Names in Applications (IDNA)"
category = "main"
optional = false
python-versions = ">=3.5"

[[package]]
name = "importlib-metadata"
version = "5.0.0"
description = "Read metadata from Python packages"
category = "main"
optional = false
python-versions = ">=3.7"

[package.dependencies]
zipp = ">=0.5"

[package.extras]
docs = ["sphinx (>=3.5)", "jaraco.packaging (>=9)", "rst.linker (>=1.9)", "furo", "jaraco.tidelift (>=1.4)"]
perf = ["ipython"]
testing = ["pytest (>=6)", "pytest-checkdocs (>=2.4)", "pytest-flake8", "flake8 (<5)", "pytest-cov", "pytest-enabler (>=1.3)", "packaging", "pyfakefs", "flufl.flake8", "pytest-perf (>=0.9.2)", "pytest-black (>=0.3.7)", "pytest-mypy (>=0.9.1)", "importlib-resources (>=1.3)"]

[[package]]
name = "jsonschema"
version = "4.16.0"
description = "An implementation of JSON Schema validation for Python"
category = "main"
optional = false
python-versions = ">=3.7"

[package.dependencies]
attrs = ">=17.4.0"
pyrsistent = ">=0.14.0,<0.17.0 || >0.17.0,<0.17.1 || >0.17.1,<0.17.2 || >0.17.2"

[package.extras]
format = ["fqdn", "idna", "isoduration", "jsonpointer (>1.13)", "rfc3339-validator", "rfc3987", "uri-template", "webcolors (>=1.11)"]
format-nongpl = ["fqdn", "idna", "isoduration", "jsonpointer (>1.13)", "rfc3339-validator", "rfc3986-validator (>0.1.0)", "uri-template", "webcolors (>=1.11)"]

[[package]]
name = "kayaku"
version = "0.5.0rc4"
description = "An powerful and flexible configuration solution."
category = "main"
optional = false
python-versions = ">=3.8,<4.0"

[package.dependencies]
dacite = ">=1.6.0,<2.0"
jsonschema = ">=4.16.0,<5.0.0"
lark = {version = ">=1.1,<2.0", extras = ["regex"]}
loguru = ">=0.6.0,<0.7.0"
typing-extensions = ">=4.0.0,<5.0.0"

[[package]]
name = "lark"
version = "1.1.3"
description = "a modern parsing library"
category = "main"
optional = false
python-versions = "*"

[package.dependencies]
regex = {version = "*", optional = true, markers = "extra == \"regex\""}

[package.extras]
regex = ["regex"]
nearley = ["js2py"]
atomic_cache = ["atomicwrites"]

[[package]]
name = "launart"
version = "0.6.1"
description = "Component lifetime manager for runtime."
category = "main"
optional = false
python-versions = ">=3.8"

[package.dependencies]
loguru = ">=0.6.0"
statv = ">=0.2.2"

[package.extras]
saya = ["graia-saya (>=0.0.16)"]

[[package]]
name = "loguru"
version = "0.6.0"
description = "Python logging made (stupidly) simple"
category = "main"
optional = false
python-versions = ">=3.5"

[package.dependencies]
colorama = {version = ">=0.3.4", markers = "sys_platform == \"win32\""}
win32-setctime = {version = ">=1.0.0", markers = "sys_platform == \"win32\""}

[package.extras]
dev = ["sphinx-rtd-theme (>=0.4.3)", "sphinx-autobuild (>=0.7.1)", "Sphinx (>=4.1.1)", "isort (>=5.1.1)", "black (>=19.10b0)", "pytest-cov (>=2.7.1)", "pytest (>=4.6.2)", "tox (>=3.9.0)", "flake8 (>=3.7.7)", "docutils (==0.16)", "colorama (>=0.3.4)"]

[[package]]
name = "multidict"
version = "6.0.2"
description = "multidict implementation"
category = "main"
optional = false
python-versions = ">=3.7"

[[package]]
name = "mypy-extensions"
version = "0.4.3"
description = "Experimental type system extensions for programs checked with the mypy typechecker."
category = "dev"
optional = false
python-versions = "*"

[[package]]
name = "nodeenv"
version = "1.7.0"
description = "Node.js virtual environment builder"
category = "dev"
optional = false
python-versions = ">=2.7,!=3.0.*,!=3.1.*,!=3.2.*,!=3.3.*,!=3.4.*,!=3.5.*,!=3.6.*"

[[package]]
name = "numpy"
version = "1.23.4"
description = "NumPy is the fundamental package for array computing with Python."
category = "main"
optional = false
python-versions = ">=3.8"

[[package]]
name = "pathspec"
version = "0.10.1"
description = "Utility library for gitignore style pattern matching of file paths."
category = "dev"
optional = false
python-versions = ">=3.7"

[[package]]
name = "pillow"
version = "9.2.0"
description = "Python Imaging Library (Fork)"
category = "main"
optional = false
python-versions = ">=3.7"

[package.extras]
docs = ["furo", "olefile", "sphinx (>=2.4)", "sphinx-copybutton", "sphinx-issues (>=3.0.1)", "sphinx-removed-in", "sphinxext-opengraph"]
tests = ["check-manifest", "coverage", "defusedxml", "markdown2", "olefile", "packaging", "pyroma", "pytest", "pytest-cov", "pytest-timeout"]

[[package]]
name = "platformdirs"
version = "2.5.2"
description = "A small Python module for determining appropriate platform-specific dirs, e.g. a \"user data dir\"."
category = "dev"
optional = false
python-versions = ">=3.7"

[package.extras]
docs = ["furo (>=2021.7.5b38)", "proselint (>=0.10.2)", "sphinx-autodoc-typehints (>=1.12)", "sphinx (>=4)"]
test = ["appdirs (==1.4.4)", "pytest-cov (>=2.7)", "pytest-mock (>=3.6)", "pytest (>=6)"]

[[package]]
name = "playwright"
version = "1.27.1"
description = "A high-level API to automate web browsers"
category = "main"
optional = false
python-versions = ">=3.7"

[package.dependencies]
greenlet = "1.1.3"
pyee = "8.1.0"

[[package]]
name = "pre-commit"
version = "2.20.0"
description = "A framework for managing and maintaining multi-language pre-commit hooks."
category = "dev"
optional = false
python-versions = ">=3.7"

[package.dependencies]
cfgv = ">=2.0.0"
identify = ">=1.0.0"
nodeenv = ">=0.11.1"
pyyaml = ">=5.1"
toml = "*"
virtualenv = ">=20.0.8"

[[package]]
name = "pydantic"
version = "1.10.2"
description = "Data validation and settings management using python type hints"
category = "main"
optional = false
python-versions = ">=3.7"

[package.dependencies]
typing-extensions = ">=4.1.0"

[package.extras]
dotenv = ["python-dotenv (>=0.10.4)"]
email = ["email-validator (>=1.0.3)"]

[[package]]
name = "pyee"
version = "8.1.0"
description = "A port of node.js's EventEmitter to python."
category = "main"
optional = false
python-versions = "*"

[[package]]
name = "pymysql"
version = "1.0.2"
description = "Pure Python MySQL Driver"
category = "main"
optional = false
python-versions = ">=3.6"

[package.extras]
rsa = ["cryptography"]
ed25519 = ["PyNaCl (>=1.4.0)"]

[[package]]
name = "pyrsistent"
version = "0.18.1"
description = "Persistent/Functional/Immutable data structures"
category = "main"
optional = false
python-versions = ">=3.7"

[[package]]
name = "python-dateutil"
version = "2.8.2"
description = "Extensions to the standard Python datetime module"
category = "main"
optional = false
python-versions = "!=3.0.*,!=3.1.*,!=3.2.*,>=2.7"

[package.dependencies]
six = ">=1.5"

[[package]]
name = "pyyaml"
version = "6.0"
description = "YAML parser and emitter for Python"
category = "dev"
optional = false
python-versions = ">=3.6"

[[package]]
name = "regex"
version = "2022.9.13"
description = "Alternative regular expression module, to replace re."
category = "main"
optional = false
python-versions = ">=3.6"

[[package]]
name = "six"
version = "1.16.0"
description = "Python 2 and 3 compatibility utilities"
category = "main"
optional = false
python-versions = ">=2.7, !=3.0.*, !=3.1.*, !=3.2.*"

[[package]]
name = "smmap"
version = "5.0.0"
description = "A pure Python implementation of a sliding window memory map manager"
category = "main"
optional = false
python-versions = ">=3.6"

[[package]]
name = "sniffio"
version = "1.3.0"
description = "Sniff out which async library your code is running under"
category = "main"
optional = false
python-versions = ">=3.7"

[[package]]
name = "sqlalchemy"
version = "1.4.42"
description = "Database Abstraction Library"
category = "main"
optional = false
python-versions = "!=3.0.*,!=3.1.*,!=3.2.*,!=3.3.*,!=3.4.*,!=3.5.*,>=2.7"

[package.dependencies]
greenlet = {version = "!=0.4.17", markers = "python_version >= \"3\" and (platform_machine == \"aarch64\" or platform_machine == \"ppc64le\" or platform_machine == \"x86_64\" or platform_machine == \"amd64\" or platform_machine == \"AMD64\" or platform_machine == \"win32\" or platform_machine == \"WIN32\")"}

[package.extras]
aiomysql = ["greenlet (!=0.4.17)", "aiomysql"]
aiosqlite = ["typing_extensions (!=3.10.0.1)", "greenlet (!=0.4.17)", "aiosqlite"]
asyncio = ["greenlet (!=0.4.17)"]
asyncmy = ["greenlet (!=0.4.17)", "asyncmy (>=0.2.3,!=0.2.4)"]
mariadb_connector = ["mariadb (>=1.0.1,!=1.1.2)"]
mssql = ["pyodbc"]
mssql_pymssql = ["pymssql"]
mssql_pyodbc = ["pyodbc"]
mypy = ["sqlalchemy2-stubs", "mypy (>=0.910)"]
mysql = ["mysqlclient (>=1.4.0,<2)", "mysqlclient (>=1.4.0)"]
mysql_connector = ["mysql-connector-python"]
oracle = ["cx_oracle (>=7,<8)", "cx_oracle (>=7)"]
postgresql = ["psycopg2 (>=2.7)"]
postgresql_asyncpg = ["greenlet (!=0.4.17)", "asyncpg"]
postgresql_pg8000 = ["pg8000 (>=1.16.6,!=1.29.0)"]
postgresql_psycopg2binary = ["psycopg2-binary"]
postgresql_psycopg2cffi = ["psycopg2cffi"]
pymysql = ["pymysql (<1)", "pymysql"]
sqlcipher = ["sqlcipher3-binary"]

[[package]]
name = "starlette"
version = "0.20.4"
description = "The little ASGI library that shines."
category = "main"
optional = false
python-versions = ">=3.7"

[package.dependencies]
anyio = ">=3.4.0,<5"

[package.extras]
full = ["itsdangerous", "jinja2", "python-multipart", "pyyaml", "requests"]

[[package]]
name = "statv"
version = "0.3.2"
description = "a uniform status implementation for graia project"
category = "main"
optional = false
python-versions = ">=3.8"

[[package]]
name = "toml"
version = "0.10.2"
description = "Python Library for Tom's Obvious, Minimal Language"
category = "dev"
optional = false
python-versions = ">=2.6, !=3.0.*, !=3.1.*, !=3.2.*"

[[package]]
name = "tomli"
version = "2.0.1"
description = "A lil' TOML parser"
category = "dev"
optional = false
python-versions = ">=3.7"

[[package]]
name = "typing-extensions"
version = "4.4.0"
description = "Backported and Experimental Type Hints for Python 3.7+"
category = "main"
optional = false
python-versions = ">=3.7"

[[package]]
name = "uvicorn"
version = "0.18.3"
description = "The lightning-fast ASGI server."
category = "main"
optional = false
python-versions = ">=3.7"

[package.dependencies]
click = ">=7.0"
h11 = ">=0.8"

[package.extras]
standard = ["colorama (>=0.4)", "httptools (>=0.4.0)", "python-dotenv (>=0.13)", "pyyaml (>=5.1)", "uvloop (>=0.14.0,!=0.15.0,!=0.15.1)", "watchfiles (>=0.13)", "websockets (>=10.0)"]

[[package]]
name = "virtualenv"
version = "20.16.5"
description = "Virtual Python Environment builder"
category = "dev"
optional = false
python-versions = ">=3.6"

[package.dependencies]
distlib = ">=0.3.5,<1"
filelock = ">=3.4.1,<4"
platformdirs = ">=2.4,<3"

[package.extras]
docs = ["proselint (>=0.13)", "sphinx (>=5.1.1)", "sphinx-argparse (>=0.3.1)", "sphinx-rtd-theme (>=1)", "towncrier (>=21.9)"]
testing = ["coverage (>=6.2)", "coverage-enable-subprocess (>=1)", "flaky (>=3.7)", "packaging (>=21.3)", "pytest (>=7.0.1)", "pytest-env (>=0.6.2)", "pytest-freezegun (>=0.4.2)", "pytest-mock (>=3.6.1)", "pytest-randomly (>=3.10.3)", "pytest-timeout (>=2.1)"]

[[package]]
name = "win32-setctime"
version = "1.1.0"
description = "A small Python utility to set file creation time on Windows"
category = "main"
optional = false
python-versions = ">=3.5"

[package.extras]
dev = ["black (>=19.3b0)", "pytest (>=4.6.2)"]

[[package]]
name = "yarl"
version = "1.8.1"
description = "Yet another URL library"
category = "main"
optional = false
python-versions = ">=3.7"

[package.dependencies]
idna = ">=2.0"
multidict = ">=4.0"

[[package]]
name = "zipp"
version = "3.9.0"
description = "Backport of pathlib-compatible object wrapper for zip files"
category = "main"
optional = false
python-versions = ">=3.7"

[package.extras]
docs = ["sphinx (>=3.5)", "jaraco.packaging (>=9)", "rst.linker (>=1.9)", "furo", "jaraco.tidelift (>=1.4)"]
testing = ["pytest (>=6)", "pytest-checkdocs (>=2.4)", "pytest-flake8", "flake8 (<5)", "pytest-cov", "pytest-enabler (>=1.3)", "jaraco.itertools", "func-timeout", "jaraco.functools", "more-itertools", "pytest-black (>=0.3.7)", "pytest-mypy (>=0.9.1)"]

[metadata]
lock-version = "1.1"
python-versions = "^3.10"
content-hash = "cc5093ac3cf72baa2ad990aee51b07f82499b03a2d7be885cccee7ae63de9b07"

[metadata.files]
aiohttp = []
aiomysql = []
aiosignal = []
aiosqlite = []
anyio = []
async-timeout = []
attrs = []
black = []
cfgv = []
charset-normalizer = []
click = []
colorama = []
creart = []
creart-graia = []
croniter = []
dacite = []
distlib = []
fastapi = []
filelock = []
frozenlist = []
gitdb = []
gitpython = []
graia-amnesia = []
graia-ariadne = []
graia-broadcast = []
graia-saya = []
graia-scheduler = []
graiax-fastapi = []
graiax-playwright = []
greenlet = []
h11 = []
identify = []
idna = []
importlib-metadata = []
jsonschema = []
kayaku = []
lark = []
launart = []
loguru = []
multidict = []
mypy-extensions = []
nodeenv = []
numpy = []
pathspec = []
pillow = []
platformdirs = []
playwright = []
pre-commit = []
pydantic = []
pyee = []
pymysql = []
pyrsistent = []
python-dateutil = []
pyyaml = []
regex = []
six = []
smmap = []
sniffio = []
sqlalchemy = []
starlette = []
statv = []
toml = []
tomli = []
typing-extensions = []
uvicorn = []
virtualenv = []
win32-setctime = []
yarl = []
zipp = []
